
Microsoft Visual Studio Solution File, Format Version 12.00
# Visual Studio Version 17
VisualStudioVersion = 17.14.37516.0 d17.14
MinimumVisualStudioVersion = 10.0.40219.1
Project("{FAE04EC0-301F-11D3-BF4B-00C04F79EFBC}") = "NumberConversions", "NumberConversions.csproj", "{D830E3B6-7F18-4CBB-B9DF-BE92072FCD69}"
EndProject
Global
	GlobalSection(SolutionConfigurationPlatforms) = preSolution
		Debug|Any CPU = Debug|Any CPU
		Release|Any CPU = Release|Any CPU
	EndGlobalSection
	GlobalSection(ProjectConfigurationPlatforms) = postSolution
		{D830E3B6-7F18-4CBB-B9DF-BE92072FCD69}.Debug|Any CPU.ActiveCfg = Debug|Any CPU
		{D830E3B6-7F18-4CBB-B9DF-BE92072FCD69}.Debug|Any CPU.Build.0 = Debug|Any CPU
		{D830E3B6-7F18-4CBB-B9DF-BE92072FCD69}.Release|Any CPU.ActiveCfg = Release|Any CPU
		{D830E3B6-7F18-4CBB-B9DF-BE92072FCD69}.Release|Any CPU.Build.0 = Release|Any CPU
	EndGlobalSection
	GlobalSection(SolutionProperties) = preSolution
		HideSolutionNode = FALSE
	EndGlobalSection
	GlobalSection(ExtensibilityGlobals) = postSolution
		SolutionGuid = {E963DBED-963A-4C16-8ADA-E6E87D98A5BB}
	EndGlobalSection
EndGlobal
