
Microsoft Visual Studio Solution File, Format Version 12.00
# Visual Studio Version 17
VisualStudioVersion = 17.14.37516.0 d17.14
MinimumVisualStudioVersion = 10.0.40219.1
Project("{888888A0-9F3D-457C-B088-3A5042F75D52}") = "DatabaseConnectionPython", "DatabaseConnectionPython.pyproj", "{C50C6AF6-A570-4F41-9D7A-E024B33CBE90}"
EndProject
Global
	GlobalSection(SolutionConfigurationPlatforms) = preSolution
		Debug|Any CPU = Debug|Any CPU
		Release|Any CPU = Release|Any CPU
	EndGlobalSection
	GlobalSection(ProjectConfigurationPlatforms) = postSolution
		{C50C6AF6-A570-4F41-9D7A-E024B33CBE90}.Debug|Any CPU.ActiveCfg = Debug|Any CPU
		{C50C6AF6-A570-4F41-9D7A-E024B33CBE90}.Release|Any CPU.ActiveCfg = Release|Any CPU
	EndGlobalSection
	GlobalSection(SolutionProperties) = preSolution
		HideSolutionNode = FALSE
	EndGlobalSection
	GlobalSection(ExtensibilityGlobals) = postSolution
		SolutionGuid = {7C1C9753-9014-4B91-9770-AE9A571E678C}
	EndGlobalSection
EndGlobal
