
Microsoft Visual Studio Solution File, Format Version 12.00
# Visual Studio Version 17
VisualStudioVersion = 17.14.37516.0 d17.14
MinimumVisualStudioVersion = 10.0.40219.1
Project("{888888A0-9F3D-457C-B088-3A5042F75D52}") = "Lyrics", "Lyrics.pyproj", "{38C3D576-F867-4B57-8A8D-823FD491B581}"
EndProject
Global
	GlobalSection(SolutionConfigurationPlatforms) = preSolution
		Debug|Any CPU = Debug|Any CPU
		Release|Any CPU = Release|Any CPU
	EndGlobalSection
	GlobalSection(ProjectConfigurationPlatforms) = postSolution
		{38C3D576-F867-4B57-8A8D-823FD491B581}.Debug|Any CPU.ActiveCfg = Debug|Any CPU
		{38C3D576-F867-4B57-8A8D-823FD491B581}.Release|Any CPU.ActiveCfg = Release|Any CPU
	EndGlobalSection
	GlobalSection(SolutionProperties) = preSolution
		HideSolutionNode = FALSE
	EndGlobalSection
	GlobalSection(ExtensibilityGlobals) = postSolution
		SolutionGuid = {FECB7C29-98E6-4E20-AD40-583BC4C75BC9}
	EndGlobalSection
EndGlobal
